// !$*UTF8*$!
{
	archiveVersion = 1;
	classes = {
	};
	objectVersion = 48;
	objects = {

/* Begin PBXBuildFile section */
		C427F0F31F9AA7CC00A7A8A2 /* AppDelegate.swift in Sources */ = {isa = PBXBuildFile; fileRef = C427F0F21F9AA7CC00A7A8A2 /* AppDelegate.swift */; };
		C427F0F51F9AA7CC00A7A8A2 /* ViewController.swift in Sources */ = {isa = PBXBuildFile; fileRef = C427F0F41F9AA7CC00A7A8A2 /* ViewController.swift */; };
		C427F0F81F9AA7CD00A7A8A2 /* Main.storyboard in Resources */ = {isa = PBXBuildFile; fileRef = C427F0F61F9AA7CD00A7A8A2 /* Main.storyboard */; };
		C427F0FA1F9AA7CD00A7A8A2 /* Assets.xcassets in Resources */ = {isa = PBXBuildFile; fileRef = C427F0F91F9AA7CD00A7A8A2 /* Assets.xcassets */; };
		C427F0FD1F9AA7CD00A7A8A2 /* LaunchScreen.storyboard in Resources */ = {isa = PBXBuildFile; fileRef = C427F0FB1F9AA7CD00A7A8A2 /* LaunchScreen.storyboard */; };
/* End PBXBuildFile section */

/* Begin PBXFileReference section */
		C427F0EF1F9AA7CC00A7A8A2 /* Kickball Manager.app */ = {isa = PBXFileReference; explicitFileType = wrapper.application; includeInIndex = 0; path = "Kickball Manager.app"; sourceTree = BUILT_PRODUCTS_DIR; };
		C427F0F21F9AA7CC00A7A8A2 /* AppDelegate.swift */ = {isa = PBXFileReference; lastKnownFileType = sourcecode.swift; path = AppDelegate.swift; sourceTree = "<group>"; };
		C427F0F41F9AA7CC00A7A8A2 /* ViewController.swift */ = {isa = PBXFileReference; lastKnownFileType = sourcecode.swift; path = ViewController.swift; sourceTree = "<group>"; };
		C427F0F71F9AA7CD00A7A8A2 /* Base */ = {isa = PBXFileReference; lastKnownFileType = file.storyboard; name = Base; path = Base.lproj/Main.storyboard; sourceTree = "<group>"; };
		C427F0F91F9AA7CD00A7A8A2 /* Assets.xcassets */ = {isa = PBXFileReference; lastKnownFileType = folder.assetcatalog; path = Assets.xcassets; sourceTree = "<group>"; };
		C427F0FC1F9AA7CD00A7A8A2 /* Base */ = {isa = PBXFileReference; lastKnownFileType = file.storyboard; name = Base; path = Base.lproj/LaunchScreen.storyboard; sourceTree = "<group>"; };
		C427F0FE1F9AA7CD00A7A8A2 /* Info.plist */ = {isa = PBXFileReference; lastKnownFileType = text.plist.xml; path = Info.plist; sourceTree = "<group>"; };
/* End PBXFileReference section */

/* Begin PBXFrameworksBuildPhase section */
		C427F0EC1F9AA7CC00A7A8A2 /* Frameworks */ = {
			isa = PBXFrameworksBuildPhase;
			buildActionMask = 2147483647;
			files = (
			);
			runOnlyForDeploymentPostprocessing = 0;
		};
/* End PBXFrameworksBuildPhase section */

/* Begin PBXGroup section */
		C427F0E61F9AA7CC00A7A8A2 = {
			isa = PBXGroup;
			children = (
				C427F0F11F9AA7CC00A7A8A2 /* Kickball Manager */,
				C427F0F01F9AA7CC00A7A8A2 /* Products */,
			);
			sourceTree = "<group>";
		};
		C427F0F01F9AA7CC00A7A8A2 /* Products */ = {
			isa = PBXGroup;
			children = (
				C427F0EF1F9AA7CC00A7A8A2 /* Kickball Manager.app */,
			);
			name = Products;
			sourceTree = "<group>";
		};
		C427F0F11F9AA7CC00A7A8A2 /* Kickball Manager */ = {
			isa = PBXGroup;
			children = (
				C427F0F21F9AA7CC00A7A8A2 /* AppDelegate.swift */,
				C427F0F41F9AA7CC00A7A8A2 /* ViewController.swift */,
				C427F0F61F9AA7CD00A7A8A2 /* Main.storyboard */,
				C427F0F91F9AA7CD00A7A8A2 /* Assets.xcassets */,
				C427F0FB1F9AA7CD00A7A8A2 /* LaunchScreen.storyboard */,
				C427F0FE1F9AA7CD00A7A8A2 /* Info.plist */,
			);
			path = "Kickball Manager";
			sourceTree = "<group>";
		};
/* End PBXGroup section */

/* Begin PBXNativeTarget section */
		C427F0EE1F9AA7CC00A7A8A2 /* Kickball Manager */ = {
			isa = PBXNativeTarget;
			buildConfigurationList = C427F1011F9AA7CD00A7A8A2 /* Build configuration list for PBXNativeTarget "Kickball Manager" */;
			buildPhases = (
				C427F0EB1F9AA7CC00A7A8A2 /* Sources */,
				C427F0EC1F9AA7CC00A7A8A2 /* Frameworks */,
				C427F0ED1F9AA7CC00A7A8A2 /* Resources */,
			);
			buildRules = (
			);
			dependencies = (
			);
			name = "Kickball Manager";
			productName = "Kickball Manager";
			productReference = C427F0EF1F9AA7CC00A7A8A2 /* Kickball Manager.app */;
			productType = "com.apple.product-type.application";
		};
/* End PBXNativeTarget section */

/* Begin PBXProject section */
		C427F0E71F9AA7CC00A7A8A2 /* Project object */ = {
			isa = PBXProject;
			attributes = {
				LastSwiftUpdateCheck = 0900;
				LastUpgradeCheck = 0900;
				ORGANIZATIONNAME = "Sean G Young";
				TargetAttributes = {
					C427F0EE1F9AA7CC00A7A8A2 = {
						CreatedOnToolsVersion = 9.0;
						ProvisioningStyle = Automatic;
					};
				};
			};
			buildConfigurationList = C427F0EA1F9AA7CC00A7A8A2 /* Build configuration list for PBXProject "Kickball Manager" */;
			compatibilityVersion = "Xcode 8.0";
			developmentRegion = en;
			hasScannedForEncodings = 0;
			knownRegions = (
				en,
				Base,
			);
			mainGroup = C427F0E61F9AA7CC00A7A8A2;
			productRefGroup = C427F0F01F9AA7CC00A7A8A2 /* Products */;
			projectDirPath = "";
			projectRoot = "";
			targets = (
				C427F0EE1F9AA7CC00A7A8A2 /* Kickball Manager */,
			);
		};
/* End PBXProject section */

/* Begin PBXResourcesBuildPhase section */
		C427F0ED1F9AA7CC00A7A8A2 /* Resources */ = {
			isa = PBXResourcesBuildPhase;
			buildActionMask = 2147483647;
			files = (
				C427F0FD1F9AA7CD00A7A8A2 /* LaunchScreen.storyboard in Resources */,
				C427F0FA1F9AA7CD00A7A8A2 /* Assets.xcassets in Resources */,
				C427F0F81F9AA7CD00A7A8A2 /* Main.storyboard in Resources */,
			);
			runOnlyForDeploymentPostprocessing = 0;
		};
/* End PBXResourcesBuildPhase section */

/* Begin PBXSourcesBuildPhase section */
		C427F0EB1F9AA7CC00A7A8A2 /* Sources */ = {
			isa = PBXSourcesBuildPhase;
			buildActionMask = 2147483647;
			files = (
				C427F0F51F9AA7CC00A7A8A2 /* ViewController.swift in Sources */,
				C427F0F31F9AA7CC00A7A8A2 /* AppDelegate.swift in Sources */,
			);
			runOnlyForDeploymentPostprocessing = 0;
		};
/* End PBXSourcesBuildPhase section */

/* Begin PBXVariantGroup section */
		C427F0F61F9AA7CD00A7A8A2 /* Main.storyboard */ = {
			isa = PBXVariantGroup;
			children = (
				C427F0F71F9AA7CD00A7A8A2 /* Base */,
			);
			name = Main.storyboard;
			sourceTree = "<group>";
		};
		C427F0FB1F9AA7CD00A7A8A2 /* LaunchScreen.storyboard */ = {
			isa = PBXVariantGroup;
			children = (
				C427F0FC1F9AA7CD00A7A8A2 /* Base */,
			);
			name = LaunchScreen.storyboard;
			sourceTree = "<group>";
		};
/* End PBXVariantGroup section */

/* Begin XCBuildConfiguration section */
		C427F0FF1F9AA7CD00A7A8A2 /* Debug */ = {
			isa = XCBuildConfiguration;
			buildSettings = {
				ALWAYS_SEARCH_USER_PATHS = NO;
				CLANG_ANALYZER_NONNULL = YES;
				CLANG_ANALYZER_NUMBER_OBJECT_CONVERSION = YES_AGGRESSIVE;
				CLANG_CXX_LANGUAGE_STANDARD = "gnu++14";
				CLANG_CXX_LIBRARY = "libc++";
				CLANG_ENABLE_MODULES = YES;
				CLANG_ENABLE_OBJC_ARC = YES;
				CLANG_WARN_BLOCK_CAPTURE_AUTORELEASING = YES;
				CLANG_WARN_BOOL_CONVERSION = YES;
				CLANG_WARN_COMMA = YES;
				CLANG_WARN_CONSTANT_CONVERSION = YES;
				CLANG_WARN_DIRECT_OBJC_ISA_USAGE = YES_ERROR;
				CLANG_WARN_DOCUMENTATION_COMMENTS = YES;
				CLANG_WARN_EMPTY_BODY = YES;
				CLANG_WARN_ENUM_CONVERSION = YES;
				CLANG_WARN_INFINITE_RECURSION = YES;
				CLANG_WARN_INT_CONVERSION = YES;
				CLANG_WARN_NON_LITERAL_NULL_CONVERSION = YES;
				CLANG_WARN_OBJC_LITERAL_CONVERSION = YES;
				CLANG_WARN_OBJC_ROOT_CLASS = YES_ERROR;
				CLANG_WARN_RANGE_LOOP_ANALYSIS = YES;
				CLANG_WARN_STRICT_PROTOTYPES = YES;
				CLANG_WARN_SUSPICIOUS_MOVE = YES;
				CLANG_WARN_UNGUARDED_AVAILABILITY = YES_AGGRESSIVE;
				CLANG_WARN_UNREACHABLE_CODE = YES;
				CLANG_WARN__DUPLICATE_METHOD_MATCH = YES;
				CODE_SIGN_IDENTITY = "iPhone Developer";
				COPY_PHASE_STRIP = NO;
				DEBUG_INFORMATION_FORMAT = dwarf;
				ENABLE_STRICT_OBJC_MSGSEND = YES;
				ENABLE_TESTABILITY = YES;
				GCC_C_LANGUAGE_STANDARD = gnu11;
				GCC_DYNAMIC_NO_PIC = NO;
				GCC_NO_COMMON_BLOCKS = YES;
				GCC_OPTIMIZATION_LEVEL = 0;
				GCC_PREPROCESSOR_DEFINITIONS = (
					"DEBUG=1",
					"$(inherited)",
				);
				GCC_WARN_64_TO_32_BIT_CONVERSION = YES;
				GCC_WARN_ABOUT_RETURN_TYPE = YES_ERROR;
				GCC_WARN_UNDECLARED_SELECTOR = YES;
				GCC_WARN_UNINITIALIZED_AUTOS = YES_AGGRESSIVE;
				GCC_WARN_UNUSED_FUNCTION = YES;
				GCC_WARN_UNUSED_VARIABLE = YES;
				IPHONEOS_DEPLOYMENT_TARGET = 11.0;
				MTL_ENABLE_DEBUG_INFO = YES;
				ONLY_ACTIVE_ARCH = YES;
				SDKROOT = iphoneos;
				SWIFT_ACTIVE_COMPILATION_CONDITIONS = DEBUG;
				SWIFT_OPTIMIZATION_LEVEL = "-Onone";
			};
			name = Debug;
		};
		C427F1001F9AA7CD00A7A8A2 /* Release */ = {
			isa = XCBuildConfiguration;
			buildSettings = {
				ALWAYS_SEARCH_USER_PATHS = NO;
				CLANG_ANALYZER_NONNULL = YES;
				CLANG_ANALYZER_NUMBER_OBJECT_CONVERSION = YES_AGGRESSIVE;
				CLANG_CXX_LANGUAGE_STANDARD = "gnu++14";
				CLANG_CXX_LIBRARY = "libc++";
				CLANG_ENABLE_MODULES = YES;
				CLANG_ENABLE_OBJC_ARC = YES;
				CLANG_WARN_BLOCK_CAPTURE_AUTORELEASING = YES;
				CLANG_WARN_BOOL_CONVERSION = YES;
				CLANG_WARN_COMMA = YES;
				CLANG_WARN_CONSTANT_CONVERSION = YES;
				CLANG_WARN_DIRECT_OBJC_ISA_USAGE = YES_ERROR;
				CLANG_WARN_DOCUMENTATION_COMMENTS = YES;
				CLANG_WARN_EMPTY_BODY = YES;
				CLANG_WARN_ENUM_CONVERSION = YES;
				CLANG_WARN_INFINITE_RECURSION = YES;
				CLANG_WARN_INT_CONVERSION = YES;
				CLANG_WARN_NON_LITERAL_NULL_CONVERSION = YES;
				CLANG_WARN_OBJC_LITERAL_CONVERSION = YES;
				CLANG_WARN_OBJC_ROOT_CLASS = YES_ERROR;
				CLANG_WARN_RANGE_LOOP_ANALYSIS = YES;
				CLANG_WARN_STRICT_PROTOTYPES = YES;
				CLANG_WARN_SUSPICIOUS_MOVE = YES;
				CLANG_WARN_UNGUARDED_AVAILABILITY = YES_AGGRESSIVE;
				CLANG_WARN_UNREACHABLE_CODE = YES;
				CLANG_WARN__DUPLICATE_METHOD_MATCH = YES;
				CODE_SIGN_IDENTITY = "iPhone Developer";
				COPY_PHASE_STRIP = NO;
				DEBUG_INFORMATION_FORMAT = "dwarf-with-dsym";
				ENABLE_NS_ASSERTIONS = NO;
				ENABLE_STRICT_OBJC_MSGSEND = YES;
				GCC_C_LANGUAGE_STANDARD = gnu11;
				GCC_NO_COMMON_BLOCKS = YES;
				GCC_WARN_64_TO_32_BIT_CONVERSION = YES;
				GCC_WARN_ABOUT_RETURN_TYPE = YES_ERROR;
				GCC_WARN_UNDECLARED_SELECTOR = YES;
				GCC_WARN_UNINITIALIZED_AUTOS = YES_AGGRESSIVE;
				GCC_WARN_UNUSED_FUNCTION = YES;
				GCC_WARN_UNUSED_VARIABLE = YES;
				IPHONEOS_DEPLOYMENT_TARGET = 11.0;
				MTL_ENABLE_DEBUG_INFO = NO;
				SDKROOT = iphoneos;
				SWIFT_OPTIMIZATION_LEVEL = "-Owholemodule";
				VALIDATE_PRODUCT = YES;
			};
			name = Release;
		};
		C427F1021F9AA7CD00A7A8A2 /* Debug */ = {
			isa = XCBuildConfiguration;
			buildSettings = {
				ASSETCATALOG_COMPILER_APPICON_NAME = AppIcon;
				CODE_SIGN_STYLE = Automatic;
				DEVELOPMENT_TEAM = S652846XU2;
				INFOPLIST_FILE = "Kickball Manager/Info.plist";
				LD_RUNPATH_SEARCH_PATHS = "$(inherited) @executable_path/Frameworks";
				PRODUCT_BUNDLE_IDENTIFIER = "com.sdot.Kickball-Manager";
				PRODUCT_NAME = "$(TARGET_NAME)";
				SWIFT_VERSION = 4.0;
				TARGETED_DEVICE_FAMILY = "1,2";
			};
			name = Debug;
		};
		C427F1031F9AA7CD00A7A8A2 /* Release */ = {
			isa = XCBuildConfiguration;
			buildSettings = {
				ASSETCATALOG_COMPILER_APPICON_NAME = AppIcon;
				CODE_SIGN_STYLE = Automatic;
				DEVELOPMENT_TEAM = S652846XU2;
				INFOPLIST_FILE = "Kickball Manager/Info.plist";
				LD_RUNPATH_SEARCH_PATHS = "$(inherited) @executable_path/Frameworks";
				PRODUCT_BUNDLE_IDENTIFIER = "com.sdot.Kickball-Manager";
				PRODUCT_NAME = "$(TARGET_NAME)";
				SWIFT_VERSION = 4.0;
				TARGETED_DEVICE_FAMILY = "1,2";
			};
			name = Release;
		};
/* End XCBuildConfiguration section */

/* Begin XCConfigurationList section */
		C427F0EA1F9AA7CC00A7A8A2 /* Build configuration list for PBXProject "Kickball Manager" */ = {
			isa = XCConfigurationList;
			buildConfigurations = (
				C427F0FF1F9AA7CD00A7A8A2 /* Debug */,
				C427F1001F9AA7CD00A7A8A2 /* Release */,
			);
			defaultConfigurationIsVisible = 0;
			defaultConfigurationName = Release;
		};
		C427F1011F9AA7CD00A7A8A2 /* Build configuration list for PBXNativeTarget "Kickball Manager" */ = {
			isa = XCConfigurationList;
			buildConfigurations = (
				C427F1021F9AA7CD00A7A8A2 /* Debug */,
				C427F1031F9AA7CD00A7A8A2 /* Release */,
			);
			defaultConfigurationIsVisible = 0;
			defaultConfigurationName = Release;
		};
/* End XCConfigurationList section */
	};
	rootObject = C427F0E71F9AA7CC00A7A8A2 /* Project object */;
}
