// !$*UTF8*$!
{
	archiveVersion = 1;
	classes = {
	};
	objectVersion = 48;
	objects = {

/* Begin PBXBuildFile section */
		5FD2E257C0D45B476CB13E3E /* Pods_Kickball_Manager.framework in Frameworks */ = {isa = PBXBuildFile; fileRef = 78B0830125A59E2B007B2473 /* Pods_Kickball_Manager.framework */; };
		74037D601FA93FEB006D8CBC /* KMUser.swift in Sources */ = {isa = PBXBuildFile; fileRef = 74037D5F1FA93FEB006D8CBC /* KMUser.swift */; };
		74CC91531FA92C1200820E67 /* ContactsHelper.swift in Sources */ = {isa = PBXBuildFile; fileRef = 74CC91521FA92C1200820E67 /* ContactsHelper.swift */; };
		74F2F8AF1FB5239200D08553 /* CreateTeamController.swift in Sources */ = {isa = PBXBuildFile; fileRef = 74F2F8AE1FB5239200D08553 /* CreateTeamController.swift */; };
		C410CFBD1F9AD0E2004A3B37 /* PlayerViewController.swift in Sources */ = {isa = PBXBuildFile; fileRef = C410CFBC1F9AD0E2004A3B37 /* PlayerViewController.swift */; };
		C410CFBF1F9AD10E004A3B37 /* PlayerCell.swift in Sources */ = {isa = PBXBuildFile; fileRef = C410CFBE1F9AD10E004A3B37 /* PlayerCell.swift */; };
		C427F0F31F9AA7CC00A7A8A2 /* AppDelegate.swift in Sources */ = {isa = PBXBuildFile; fileRef = C427F0F21F9AA7CC00A7A8A2 /* AppDelegate.swift */; };
		C427F0F51F9AA7CC00A7A8A2 /* ViewController.swift in Sources */ = {isa = PBXBuildFile; fileRef = C427F0F41F9AA7CC00A7A8A2 /* ViewController.swift */; };
		C427F0FA1F9AA7CD00A7A8A2 /* Assets.xcassets in Resources */ = {isa = PBXBuildFile; fileRef = C427F0F91F9AA7CD00A7A8A2 /* Assets.xcassets */; };
		C427F0FD1F9AA7CD00A7A8A2 /* LaunchScreen.storyboard in Resources */ = {isa = PBXBuildFile; fileRef = C427F0FB1F9AA7CD00A7A8A2 /* LaunchScreen.storyboard */; };
		C427F1051F9AAB8F00A7A8A2 /* GoogleService-Info.plist in Resources */ = {isa = PBXBuildFile; fileRef = C427F1041F9AAB8F00A7A8A2 /* GoogleService-Info.plist */; };
		C427F1071F9AB6AA00A7A8A2 /* Player.swift in Sources */ = {isa = PBXBuildFile; fileRef = C427F1061F9AB6AA00A7A8A2 /* Player.swift */; };
		C427F1091F9AB7C900A7A8A2 /* FirestoreHelper.swift in Sources */ = {isa = PBXBuildFile; fileRef = C427F1081F9AB7C900A7A8A2 /* FirestoreHelper.swift */; };
/* End PBXBuildFile section */

/* Begin PBXFileReference section */
		2FF6866463817F421655F9D7 /* Pods-Kickball Manager.release.xcconfig */ = {isa = PBXFileReference; includeInIndex = 1; lastKnownFileType = text.xcconfig; name = "Pods-Kickball Manager.release.xcconfig"; path = "Pods/Target Support Files/Pods-Kickball Manager/Pods-Kickball Manager.release.xcconfig"; sourceTree = "<group>"; };
		74037D5F1FA93FEB006D8CBC /* KMUser.swift */ = {isa = PBXFileReference; lastKnownFileType = sourcecode.swift; path = KMUser.swift; sourceTree = "<group>"; };
		74CC91521FA92C1200820E67 /* ContactsHelper.swift */ = {isa = PBXFileReference; lastKnownFileType = sourcecode.swift; path = ContactsHelper.swift; sourceTree = "<group>"; };
		74F2F8AE1FB5239200D08553 /* CreateTeamController.swift */ = {isa = PBXFileReference; lastKnownFileType = sourcecode.swift; path = CreateTeamController.swift; sourceTree = "<group>"; };
		78B0830125A59E2B007B2473 /* Pods_Kickball_Manager.framework */ = {isa = PBXFileReference; explicitFileType = wrapper.framework; includeInIndex = 0; path = Pods_Kickball_Manager.framework; sourceTree = BUILT_PRODUCTS_DIR; };
		A1BE6C696517C418B7A2C620 /* Pods-Kickball Manager.debug.xcconfig */ = {isa = PBXFileReference; includeInIndex = 1; lastKnownFileType = text.xcconfig; name = "Pods-Kickball Manager.debug.xcconfig"; path = "Pods/Target Support Files/Pods-Kickball Manager/Pods-Kickball Manager.debug.xcconfig"; sourceTree = "<group>"; };
		C410CFBC1F9AD0E2004A3B37 /* PlayerViewController.swift */ = {isa = PBXFileReference; lastKnownFileType = sourcecode.swift; path = PlayerViewController.swift; sourceTree = "<group>"; };
		C410CFBE1F9AD10E004A3B37 /* PlayerCell.swift */ = {isa = PBXFileReference; lastKnownFileType = sourcecode.swift; path = PlayerCell.swift; sourceTree = "<group>"; };
		C427F0EF1F9AA7CC00A7A8A2 /* Kickball Manager.app */ = {isa = PBXFileReference; explicitFileType = wrapper.application; includeInIndex = 0; path = "Kickball Manager.app"; sourceTree = BUILT_PRODUCTS_DIR; };
		C427F0F21F9AA7CC00A7A8A2 /* AppDelegate.swift */ = {isa = PBXFileReference; lastKnownFileType = sourcecode.swift; path = AppDelegate.swift; sourceTree = "<group>"; };
		C427F0F41F9AA7CC00A7A8A2 /* ViewController.swift */ = {isa = PBXFileReference; lastKnownFileType = sourcecode.swift; path = ViewController.swift; sourceTree = "<group>"; };
		C427F0F91F9AA7CD00A7A8A2 /* Assets.xcassets */ = {isa = PBXFileReference; lastKnownFileType = folder.assetcatalog; path = Assets.xcassets; sourceTree = "<group>"; };
		C427F0FC1F9AA7CD00A7A8A2 /* Base */ = {isa = PBXFileReference; lastKnownFileType = file.storyboard; name = Base; path = Base.lproj/LaunchScreen.storyboard; sourceTree = "<group>"; };
		C427F0FE1F9AA7CD00A7A8A2 /* Info.plist */ = {isa = PBXFileReference; lastKnownFileType = text.plist.xml; path = Info.plist; sourceTree = "<group>"; };
		C427F1041F9AAB8F00A7A8A2 /* GoogleService-Info.plist */ = {isa = PBXFileReference; fileEncoding = 4; lastKnownFileType = text.plist.xml; path = "GoogleService-Info.plist"; sourceTree = "<group>"; };
		C427F1061F9AB6AA00A7A8A2 /* Player.swift */ = {isa = PBXFileReference; lastKnownFileType = sourcecode.swift; path = Player.swift; sourceTree = "<group>"; };
		C427F1081F9AB7C900A7A8A2 /* FirestoreHelper.swift */ = {isa = PBXFileReference; lastKnownFileType = sourcecode.swift; path = FirestoreHelper.swift; sourceTree = "<group>"; };
/* End PBXFileReference section */

/* Begin PBXFrameworksBuildPhase section */
		C427F0EC1F9AA7CC00A7A8A2 /* Frameworks */ = {
			isa = PBXFrameworksBuildPhase;
			buildActionMask = 2147483647;
			files = (
				5FD2E257C0D45B476CB13E3E /* Pods_Kickball_Manager.framework in Frameworks */,
			);
			runOnlyForDeploymentPostprocessing = 0;
		};
/* End PBXFrameworksBuildPhase section */

/* Begin PBXGroup section */
		03BBD953172AA91379B79F1D /* Pods */ = {
			isa = PBXGroup;
			children = (
				A1BE6C696517C418B7A2C620 /* Pods-Kickball Manager.debug.xcconfig */,
				2FF6866463817F421655F9D7 /* Pods-Kickball Manager.release.xcconfig */,
			);
			name = Pods;
			sourceTree = "<group>";
		};
		305044F6287646154D4E87DB /* Frameworks */ = {
			isa = PBXGroup;
			children = (
				78B0830125A59E2B007B2473 /* Pods_Kickball_Manager.framework */,
			);
			name = Frameworks;
			sourceTree = "<group>";
		};
		C427F0E61F9AA7CC00A7A8A2 = {
			isa = PBXGroup;
			children = (
				C427F0F11F9AA7CC00A7A8A2 /* Kickball Manager */,
				C427F0F01F9AA7CC00A7A8A2 /* Products */,
				03BBD953172AA91379B79F1D /* Pods */,
				305044F6287646154D4E87DB /* Frameworks */,
			);
			sourceTree = "<group>";
		};
		C427F0F01F9AA7CC00A7A8A2 /* Products */ = {
			isa = PBXGroup;
			children = (
				C427F0EF1F9AA7CC00A7A8A2 /* Kickball Manager.app */,
			);
			name = Products;
			sourceTree = "<group>";
		};
		C427F0F11F9AA7CC00A7A8A2 /* Kickball Manager */ = {
			isa = PBXGroup;
			children = (
				C427F1041F9AAB8F00A7A8A2 /* GoogleService-Info.plist */,
				C427F0F21F9AA7CC00A7A8A2 /* AppDelegate.swift */,
				C427F0F41F9AA7CC00A7A8A2 /* ViewController.swift */,
				C427F0F91F9AA7CD00A7A8A2 /* Assets.xcassets */,
				C427F0FB1F9AA7CD00A7A8A2 /* LaunchScreen.storyboard */,
				C427F0FE1F9AA7CD00A7A8A2 /* Info.plist */,
				C427F1061F9AB6AA00A7A8A2 /* Player.swift */,
				C427F1081F9AB7C900A7A8A2 /* FirestoreHelper.swift */,
				C410CFBC1F9AD0E2004A3B37 /* PlayerViewController.swift */,
				C410CFBE1F9AD10E004A3B37 /* PlayerCell.swift */,
				74CC91521FA92C1200820E67 /* ContactsHelper.swift */,
				74037D5F1FA93FEB006D8CBC /* KMUser.swift */,
				74F2F8AE1FB5239200D08553 /* CreateTeamController.swift */,
			);
			path = "Kickball Manager";
			sourceTree = "<group>";
		};
/* End PBXGroup section */

/* Begin PBXNativeTarget section */
		C427F0EE1F9AA7CC00A7A8A2 /* Kickball Manager */ = {
			isa = PBXNativeTarget;
			buildConfigurationList = C427F1011F9AA7CD00A7A8A2 /* Build configuration list for PBXNativeTarget "Kickball Manager" */;
			buildPhases = (
				FDDEDE7DDD3DD75DA1121938 /* [CP] Check Pods Manifest.lock */,
				C427F0EB1F9AA7CC00A7A8A2 /* Sources */,
				C427F0EC1F9AA7CC00A7A8A2 /* Frameworks */,
				C427F0ED1F9AA7CC00A7A8A2 /* Resources */,
				D3B89FC20B9ADD047B26C15B /* [CP] Embed Pods Frameworks */,
				C37505740158DD015093FED3 /* [CP] Copy Pods Resources */,
			);
			buildRules = (
			);
			dependencies = (
			);
			name = "Kickball Manager";
			productName = "Kickball Manager";
			productReference = C427F0EF1F9AA7CC00A7A8A2 /* Kickball Manager.app */;
			productType = "com.apple.product-type.application";
		};
/* End PBXNativeTarget section */

/* Begin PBXProject section */
		C427F0E71F9AA7CC00A7A8A2 /* Project object */ = {
			isa = PBXProject;
			attributes = {
				LastSwiftUpdateCheck = 0900;
				LastUpgradeCheck = 0900;
				ORGANIZATIONNAME = "Sean G Young";
				TargetAttributes = {
					C427F0EE1F9AA7CC00A7A8A2 = {
						CreatedOnToolsVersion = 9.0;
						ProvisioningStyle = Automatic;
					};
				};
			};
			buildConfigurationList = C427F0EA1F9AA7CC00A7A8A2 /* Build configuration list for PBXProject "Kickball Manager" */;
			compatibilityVersion = "Xcode 8.0";
			developmentRegion = en;
			hasScannedForEncodings = 0;
			knownRegions = (
				en,
				Base,
			);
			mainGroup = C427F0E61F9AA7CC00A7A8A2;
			productRefGroup = C427F0F01F9AA7CC00A7A8A2 /* Products */;
			projectDirPath = "";
			projectRoot = "";
			targets = (
				C427F0EE1F9AA7CC00A7A8A2 /* Kickball Manager */,
			);
		};
/* End PBXProject section */

/* Begin PBXResourcesBuildPhase section */
		C427F0ED1F9AA7CC00A7A8A2 /* Resources */ = {
			isa = PBXResourcesBuildPhase;
			buildActionMask = 2147483647;
			files = (
				C427F0FD1F9AA7CD00A7A8A2 /* LaunchScreen.storyboard in Resources */,
				C427F1051F9AAB8F00A7A8A2 /* GoogleService-Info.plist in Resources */,
				C427F0FA1F9AA7CD00A7A8A2 /* Assets.xcassets in Resources */,
			);
			runOnlyForDeploymentPostprocessing = 0;
		};
/* End PBXResourcesBuildPhase section */

/* Begin PBXShellScriptBuildPhase section */
		C37505740158DD015093FED3 /* [CP] Copy Pods Resources */ = {
			isa = PBXShellScriptBuildPhase;
			buildActionMask = 2147483647;
			files = (
			);
			inputPaths = (
				"${SRCROOT}/Pods/Target Support Files/Pods-Kickball Manager/Pods-Kickball Manager-resources.sh",
				$PODS_CONFIGURATION_BUILD_DIR/FirebaseUI/FirebaseAuthUI.bundle,
				$PODS_CONFIGURATION_BUILD_DIR/FirebaseUI/FirebaseGoogleAuthUI.bundle,
				"${PODS_ROOT}/GoogleSignIn/Resources/GoogleSignIn.bundle",
			);
			name = "[CP] Copy Pods Resources";
			outputPaths = (
				"${TARGET_BUILD_DIR}/${UNLOCALIZED_RESOURCES_FOLDER_PATH}",
			);
			runOnlyForDeploymentPostprocessing = 0;
			shellPath = /bin/sh;
			shellScript = "\"${SRCROOT}/Pods/Target Support Files/Pods-Kickball Manager/Pods-Kickball Manager-resources.sh\"\n";
			showEnvVarsInLog = 0;
		};
		D3B89FC20B9ADD047B26C15B /* [CP] Embed Pods Frameworks */ = {
			isa = PBXShellScriptBuildPhase;
			buildActionMask = 2147483647;
			files = (
			);
			inputPaths = (
				"${SRCROOT}/Pods/Target Support Files/Pods-Kickball Manager/Pods-Kickball Manager-frameworks.sh",
				"${BUILT_PRODUCTS_DIR}/BoringSSL/openssl.framework",
				"${BUILT_PRODUCTS_DIR}/GTMOAuth2/GTMOAuth2.framework",
				"${BUILT_PRODUCTS_DIR}/GTMSessionFetcher/GTMSessionFetcher.framework",
				"${BUILT_PRODUCTS_DIR}/GoogleToolboxForMac/GoogleToolboxForMac.framework",
				"${BUILT_PRODUCTS_DIR}/Protobuf/Protobuf.framework",
				"${BUILT_PRODUCTS_DIR}/SGYSwiftUtility/SGYSwiftUtility.framework",
				"${BUILT_PRODUCTS_DIR}/gRPC/GRPCClient.framework",
				"${BUILT_PRODUCTS_DIR}/gRPC-Core/grpc.framework",
				"${BUILT_PRODUCTS_DIR}/gRPC-ProtoRPC/ProtoRPC.framework",
				"${BUILT_PRODUCTS_DIR}/gRPC-RxLibrary/RxLibrary.framework",
				"${BUILT_PRODUCTS_DIR}/leveldb-library/leveldb.framework",
				"${BUILT_PRODUCTS_DIR}/nanopb/nanopb.framework",
			);
			name = "[CP] Embed Pods Frameworks";
			outputPaths = (
				"${TARGET_BUILD_DIR}/${FRAMEWORKS_FOLDER_PATH}/openssl.framework",
				"${TARGET_BUILD_DIR}/${FRAMEWORKS_FOLDER_PATH}/GTMOAuth2.framework",
				"${TARGET_BUILD_DIR}/${FRAMEWORKS_FOLDER_PATH}/GTMSessionFetcher.framework",
				"${TARGET_BUILD_DIR}/${FRAMEWORKS_FOLDER_PATH}/GoogleToolboxForMac.framework",
				"${TARGET_BUILD_DIR}/${FRAMEWORKS_FOLDER_PATH}/Protobuf.framework",
				"${TARGET_BUILD_DIR}/${FRAMEWORKS_FOLDER_PATH}/SGYSwiftUtility.framework",
				"${TARGET_BUILD_DIR}/${FRAMEWORKS_FOLDER_PATH}/GRPCClient.framework",
				"${TARGET_BUILD_DIR}/${FRAMEWORKS_FOLDER_PATH}/grpc.framework",
				"${TARGET_BUILD_DIR}/${FRAMEWORKS_FOLDER_PATH}/ProtoRPC.framework",
				"${TARGET_BUILD_DIR}/${FRAMEWORKS_FOLDER_PATH}/RxLibrary.framework",
				"${TARGET_BUILD_DIR}/${FRAMEWORKS_FOLDER_PATH}/leveldb.framework",
				"${TARGET_BUILD_DIR}/${FRAMEWORKS_FOLDER_PATH}/nanopb.framework",
			);
			runOnlyForDeploymentPostprocessing = 0;
			shellPath = /bin/sh;
			shellScript = "\"${SRCROOT}/Pods/Target Support Files/Pods-Kickball Manager/Pods-Kickball Manager-frameworks.sh\"\n";
			showEnvVarsInLog = 0;
		};
		FDDEDE7DDD3DD75DA1121938 /* [CP] Check Pods Manifest.lock */ = {
			isa = PBXShellScriptBuildPhase;
			buildActionMask = 2147483647;
			files = (
			);
			inputPaths = (
				"${PODS_PODFILE_DIR_PATH}/Podfile.lock",
				"${PODS_ROOT}/Manifest.lock",
			);
			name = "[CP] Check Pods Manifest.lock";
			outputPaths = (
				"$(DERIVED_FILE_DIR)/Pods-Kickball Manager-checkManifestLockResult.txt",
			);
			runOnlyForDeploymentPostprocessing = 0;
			shellPath = /bin/sh;
			shellScript = "diff \"${PODS_PODFILE_DIR_PATH}/Podfile.lock\" \"${PODS_ROOT}/Manifest.lock\" > /dev/null\nif [ $? != 0 ] ; then\n    # print error to STDERR\n    echo \"error: The sandbox is not in sync with the Podfile.lock. Run 'pod install' or update your CocoaPods installation.\" >&2\n    exit 1\nfi\n# This output is used by Xcode 'outputs' to avoid re-running this script phase.\necho \"SUCCESS\" > \"${SCRIPT_OUTPUT_FILE_0}\"\n";
			showEnvVarsInLog = 0;
		};
/* End PBXShellScriptBuildPhase section */

/* Begin PBXSourcesBuildPhase section */
		C427F0EB1F9AA7CC00A7A8A2 /* Sources */ = {
			isa = PBXSourcesBuildPhase;
			buildActionMask = 2147483647;
			files = (
				74F2F8AF1FB5239200D08553 /* CreateTeamController.swift in Sources */,
				C410CFBF1F9AD10E004A3B37 /* PlayerCell.swift in Sources */,
				74CC91531FA92C1200820E67 /* ContactsHelper.swift in Sources */,
				C427F0F51F9AA7CC00A7A8A2 /* ViewController.swift in Sources */,
				74037D601FA93FEB006D8CBC /* KMUser.swift in Sources */,
				C427F1071F9AB6AA00A7A8A2 /* Player.swift in Sources */,
				C427F0F31F9AA7CC00A7A8A2 /* AppDelegate.swift in Sources */,
				C427F1091F9AB7C900A7A8A2 /* FirestoreHelper.swift in Sources */,
				C410CFBD1F9AD0E2004A3B37 /* PlayerViewController.swift in Sources */,
			);
			runOnlyForDeploymentPostprocessing = 0;
		};
/* End PBXSourcesBuildPhase section */

/* Begin PBXVariantGroup section */
		C427F0FB1F9AA7CD00A7A8A2 /* LaunchScreen.storyboard */ = {
			isa = PBXVariantGroup;
			children = (
				C427F0FC1F9AA7CD00A7A8A2 /* Base */,
			);
			name = LaunchScreen.storyboard;
			sourceTree = "<group>";
		};
/* End PBXVariantGroup section */

/* Begin XCBuildConfiguration section */
		C427F0FF1F9AA7CD00A7A8A2 /* Debug */ = {
			isa = XCBuildConfiguration;
			buildSettings = {
				ALWAYS_SEARCH_USER_PATHS = NO;
				CLANG_ANALYZER_NONNULL = YES;
				CLANG_ANALYZER_NUMBER_OBJECT_CONVERSION = YES_AGGRESSIVE;
				CLANG_CXX_LANGUAGE_STANDARD = "gnu++14";
				CLANG_CXX_LIBRARY = "libc++";
				CLANG_ENABLE_MODULES = YES;
				CLANG_ENABLE_OBJC_ARC = YES;
				CLANG_WARN_BLOCK_CAPTURE_AUTORELEASING = YES;
				CLANG_WARN_BOOL_CONVERSION = YES;
				CLANG_WARN_COMMA = YES;
				CLANG_WARN_CONSTANT_CONVERSION = YES;
				CLANG_WARN_DIRECT_OBJC_ISA_USAGE = YES_ERROR;
				CLANG_WARN_DOCUMENTATION_COMMENTS = YES;
				CLANG_WARN_EMPTY_BODY = YES;
				CLANG_WARN_ENUM_CONVERSION = YES;
				CLANG_WARN_INFINITE_RECURSION = YES;
				CLANG_WARN_INT_CONVERSION = YES;
				CLANG_WARN_NON_LITERAL_NULL_CONVERSION = YES;
				CLANG_WARN_OBJC_LITERAL_CONVERSION = YES;
				CLANG_WARN_OBJC_ROOT_CLASS = YES_ERROR;
				CLANG_WARN_RANGE_LOOP_ANALYSIS = YES;
				CLANG_WARN_STRICT_PROTOTYPES = YES;
				CLANG_WARN_SUSPICIOUS_MOVE = YES;
				CLANG_WARN_UNGUARDED_AVAILABILITY = YES_AGGRESSIVE;
				CLANG_WARN_UNREACHABLE_CODE = YES;
				CLANG_WARN__DUPLICATE_METHOD_MATCH = YES;
				CODE_SIGN_IDENTITY = "iPhone Developer";
				COPY_PHASE_STRIP = NO;
				DEBUG_INFORMATION_FORMAT = dwarf;
				ENABLE_STRICT_OBJC_MSGSEND = YES;
				ENABLE_TESTABILITY = YES;
				GCC_C_LANGUAGE_STANDARD = gnu11;
				GCC_DYNAMIC_NO_PIC = NO;
				GCC_NO_COMMON_BLOCKS = YES;
				GCC_OPTIMIZATION_LEVEL = 0;
				GCC_PREPROCESSOR_DEFINITIONS = (
					"DEBUG=1",
					"$(inherited)",
				);
				GCC_WARN_64_TO_32_BIT_CONVERSION = YES;
				GCC_WARN_ABOUT_RETURN_TYPE = YES_ERROR;
				GCC_WARN_UNDECLARED_SELECTOR = YES;
				GCC_WARN_UNINITIALIZED_AUTOS = YES_AGGRESSIVE;
				GCC_WARN_UNUSED_FUNCTION = YES;
				GCC_WARN_UNUSED_VARIABLE = YES;
				IPHONEOS_DEPLOYMENT_TARGET = 11.0;
				MTL_ENABLE_DEBUG_INFO = YES;
				ONLY_ACTIVE_ARCH = YES;
				SDKROOT = iphoneos;
				SWIFT_ACTIVE_COMPILATION_CONDITIONS = DEBUG;
				SWIFT_OPTIMIZATION_LEVEL = "-Onone";
			};
			name = Debug;
		};
		C427F1001F9AA7CD00A7A8A2 /* Release */ = {
			isa = XCBuildConfiguration;
			buildSettings = {
				ALWAYS_SEARCH_USER_PATHS = NO;
				CLANG_ANALYZER_NONNULL = YES;
				CLANG_ANALYZER_NUMBER_OBJECT_CONVERSION = YES_AGGRESSIVE;
				CLANG_CXX_LANGUAGE_STANDARD = "gnu++14";
				CLANG_CXX_LIBRARY = "libc++";
				CLANG_ENABLE_MODULES = YES;
				CLANG_ENABLE_OBJC_ARC = YES;
				CLANG_WARN_BLOCK_CAPTURE_AUTORELEASING = YES;
				CLANG_WARN_BOOL_CONVERSION = YES;
				CLANG_WARN_COMMA = YES;
				CLANG_WARN_CONSTANT_CONVERSION = YES;
				CLANG_WARN_DIRECT_OBJC_ISA_USAGE = YES_ERROR;
				CLANG_WARN_DOCUMENTATION_COMMENTS = YES;
				CLANG_WARN_EMPTY_BODY = YES;
				CLANG_WARN_ENUM_CONVERSION = YES;
				CLANG_WARN_INFINITE_RECURSION = YES;
				CLANG_WARN_INT_CONVERSION = YES;
				CLANG_WARN_NON_LITERAL_NULL_CONVERSION = YES;
				CLANG_WARN_OBJC_LITERAL_CONVERSION = YES;
				CLANG_WARN_OBJC_ROOT_CLASS = YES_ERROR;
				CLANG_WARN_RANGE_LOOP_ANALYSIS = YES;
				CLANG_WARN_STRICT_PROTOTYPES = YES;
				CLANG_WARN_SUSPICIOUS_MOVE = YES;
				CLANG_WARN_UNGUARDED_AVAILABILITY = YES_AGGRESSIVE;
				CLANG_WARN_UNREACHABLE_CODE = YES;
				CLANG_WARN__DUPLICATE_METHOD_MATCH = YES;
				CODE_SIGN_IDENTITY = "iPhone Developer";
				COPY_PHASE_STRIP = NO;
				DEBUG_INFORMATION_FORMAT = "dwarf-with-dsym";
				ENABLE_NS_ASSERTIONS = NO;
				ENABLE_STRICT_OBJC_MSGSEND = YES;
				GCC_C_LANGUAGE_STANDARD = gnu11;
				GCC_NO_COMMON_BLOCKS = YES;
				GCC_WARN_64_TO_32_BIT_CONVERSION = YES;
				GCC_WARN_ABOUT_RETURN_TYPE = YES_ERROR;
				GCC_WARN_UNDECLARED_SELECTOR = YES;
				GCC_WARN_UNINITIALIZED_AUTOS = YES_AGGRESSIVE;
				GCC_WARN_UNUSED_FUNCTION = YES;
				GCC_WARN_UNUSED_VARIABLE = YES;
				IPHONEOS_DEPLOYMENT_TARGET = 11.0;
				MTL_ENABLE_DEBUG_INFO = NO;
				SDKROOT = iphoneos;
				SWIFT_OPTIMIZATION_LEVEL = "-Owholemodule";
				VALIDATE_PRODUCT = YES;
			};
			name = Release;
		};
		C427F1021F9AA7CD00A7A8A2 /* Debug */ = {
			isa = XCBuildConfiguration;
			baseConfigurationReference = A1BE6C696517C418B7A2C620 /* Pods-Kickball Manager.debug.xcconfig */;
			buildSettings = {
				ASSETCATALOG_COMPILER_APPICON_NAME = AppIcon;
				CODE_SIGN_STYLE = Automatic;
				DEVELOPMENT_TEAM = BC5GKF3W79;
				INFOPLIST_FILE = "Kickball Manager/Info.plist";
				LD_RUNPATH_SEARCH_PATHS = "$(inherited) @executable_path/Frameworks";
				PRODUCT_BUNDLE_IDENTIFIER = com.sdot.kickballManager;
				PRODUCT_NAME = "$(TARGET_NAME)";
				SWIFT_VERSION = 4.0;
				TARGETED_DEVICE_FAMILY = "1,2";
			};
			name = Debug;
		};
		C427F1031F9AA7CD00A7A8A2 /* Release */ = {
			isa = XCBuildConfiguration;
			baseConfigurationReference = 2FF6866463817F421655F9D7 /* Pods-Kickball Manager.release.xcconfig */;
			buildSettings = {
				ASSETCATALOG_COMPILER_APPICON_NAME = AppIcon;
				CODE_SIGN_STYLE = Automatic;
				DEVELOPMENT_TEAM = BC5GKF3W79;
				INFOPLIST_FILE = "Kickball Manager/Info.plist";
				LD_RUNPATH_SEARCH_PATHS = "$(inherited) @executable_path/Frameworks";
				PRODUCT_BUNDLE_IDENTIFIER = com.sdot.kickballManager;
				PRODUCT_NAME = "$(TARGET_NAME)";
				SWIFT_VERSION = 4.0;
				TARGETED_DEVICE_FAMILY = "1,2";
			};
			name = Release;
		};
/* End XCBuildConfiguration section */

/* Begin XCConfigurationList section */
		C427F0EA1F9AA7CC00A7A8A2 /* Build configuration list for PBXProject "Kickball Manager" */ = {
			isa = XCConfigurationList;
			buildConfigurations = (
				C427F0FF1F9AA7CD00A7A8A2 /* Debug */,
				C427F1001F9AA7CD00A7A8A2 /* Release */,
			);
			defaultConfigurationIsVisible = 0;
			defaultConfigurationName = Release;
		};
		C427F1011F9AA7CD00A7A8A2 /* Build configuration list for PBXNativeTarget "Kickball Manager" */ = {
			isa = XCConfigurationList;
			buildConfigurations = (
				C427F1021F9AA7CD00A7A8A2 /* Debug */,
				C427F1031F9AA7CD00A7A8A2 /* Release */,
			);
			defaultConfigurationIsVisible = 0;
			defaultConfigurationName = Release;
		};
/* End XCConfigurationList section */
	};
	rootObject = C427F0E71F9AA7CC00A7A8A2 /* Project object */;
}
